// !$*UTF8*$!
{
	archiveVersion = 1;
	classes = {
	};
	objectVersion = 50;
	objects = {

/* Begin PBXBuildFile section */
		5DBA01A6CB100B6BDFFE7C73 /* Pods_vent.framework in Frameworks */ = {isa = PBXBuildFile; fileRef = 0F8481EC87156268C15B338D /* Pods_vent.framework */; };
		913993CD2150F02400ED5F8F /* FirestoreOperations.swift in Sources */ = {isa = PBXBuildFile; fileRef = 913993CC2150F02400ED5F8F /* FirestoreOperations.swift */; };
		913993CF2151453E00ED5F8F /* Message.swift in Sources */ = {isa = PBXBuildFile; fileRef = 913993CE2151453E00ED5F8F /* Message.swift */; };
		913993D121546E5800ED5F8F /* UpdateViewController.swift in Sources */ = {isa = PBXBuildFile; fileRef = 913993D021546E5800ED5F8F /* UpdateViewController.swift */; };
		9194176A214E483A0017C661 /* AppDelegate.swift in Sources */ = {isa = PBXBuildFile; fileRef = 91941769214E483A0017C661 /* AppDelegate.swift */; };
		9194176C214E483A0017C661 /* ViewController.swift in Sources */ = {isa = PBXBuildFile; fileRef = 9194176B214E483A0017C661 /* ViewController.swift */; };
		9194176F214E483A0017C661 /* Main.storyboard in Resources */ = {isa = PBXBuildFile; fileRef = 9194176D214E483A0017C661 /* Main.storyboard */; };
		91941772214E483A0017C661 /* vent.xcdatamodeld in Sources */ = {isa = PBXBuildFile; fileRef = 91941770214E483A0017C661 /* vent.xcdatamodeld */; };
		91941774214E483B0017C661 /* Assets.xcassets in Resources */ = {isa = PBXBuildFile; fileRef = 91941773214E483B0017C661 /* Assets.xcassets */; };
		91941777214E483B0017C661 /* LaunchScreen.storyboard in Resources */ = {isa = PBXBuildFile; fileRef = 91941775214E483B0017C661 /* LaunchScreen.storyboard */; };
		9194177F214E4B570017C661 /* GoogleService-Info.plist in Resources */ = {isa = PBXBuildFile; fileRef = 9194177E214E4B570017C661 /* GoogleService-Info.plist */; };
		91C23BD3214E74BF00282A36 /* NewVentViewController.swift in Sources */ = {isa = PBXBuildFile; fileRef = 91C23BD2214E74BF00282A36 /* NewVentViewController.swift */; };
/* End PBXBuildFile section */

/* Begin PBXFileReference section */
		0F8481EC87156268C15B338D /* Pods_vent.framework */ = {isa = PBXFileReference; explicitFileType = wrapper.framework; includeInIndex = 0; path = Pods_vent.framework; sourceTree = BUILT_PRODUCTS_DIR; };
		913993CC2150F02400ED5F8F /* FirestoreOperations.swift */ = {isa = PBXFileReference; lastKnownFileType = sourcecode.swift; path = FirestoreOperations.swift; sourceTree = "<group>"; };
		913993CE2151453E00ED5F8F /* Message.swift */ = {isa = PBXFileReference; lastKnownFileType = sourcecode.swift; path = Message.swift; sourceTree = "<group>"; };
		913993D021546E5800ED5F8F /* UpdateViewController.swift */ = {isa = PBXFileReference; lastKnownFileType = sourcecode.swift; path = UpdateViewController.swift; sourceTree = "<group>"; };
		91941766214E483A0017C661 /* vent.app */ = {isa = PBXFileReference; explicitFileType = wrapper.application; includeInIndex = 0; path = vent.app; sourceTree = BUILT_PRODUCTS_DIR; };
		91941769214E483A0017C661 /* AppDelegate.swift */ = {isa = PBXFileReference; lastKnownFileType = sourcecode.swift; path = AppDelegate.swift; sourceTree = "<group>"; };
		9194176B214E483A0017C661 /* ViewController.swift */ = {isa = PBXFileReference; lastKnownFileType = sourcecode.swift; path = ViewController.swift; sourceTree = "<group>"; };
		9194176E214E483A0017C661 /* Base */ = {isa = PBXFileReference; lastKnownFileType = file.storyboard; name = Base; path = Base.lproj/Main.storyboard; sourceTree = "<group>"; };
		91941771214E483A0017C661 /* vent.xcdatamodel */ = {isa = PBXFileReference; lastKnownFileType = wrapper.xcdatamodel; path = vent.xcdatamodel; sourceTree = "<group>"; };
		91941773214E483B0017C661 /* Assets.xcassets */ = {isa = PBXFileReference; lastKnownFileType = folder.assetcatalog; path = Assets.xcassets; sourceTree = "<group>"; };
		91941776214E483B0017C661 /* Base */ = {isa = PBXFileReference; lastKnownFileType = file.storyboard; name = Base; path = Base.lproj/LaunchScreen.storyboard; sourceTree = "<group>"; };
		91941778214E483B0017C661 /* Info.plist */ = {isa = PBXFileReference; lastKnownFileType = text.plist.xml; path = Info.plist; sourceTree = "<group>"; };
		9194177E214E4B570017C661 /* GoogleService-Info.plist */ = {isa = PBXFileReference; fileEncoding = 4; lastKnownFileType = text.plist.xml; path = "GoogleService-Info.plist"; sourceTree = "<group>"; };
		91C23BD2214E74BF00282A36 /* NewVentViewController.swift */ = {isa = PBXFileReference; lastKnownFileType = sourcecode.swift; path = NewVentViewController.swift; sourceTree = "<group>"; };
		93F1568B0B0F3EB67AD625B4 /* Pods-vent.debug.xcconfig */ = {isa = PBXFileReference; includeInIndex = 1; lastKnownFileType = text.xcconfig; name = "Pods-vent.debug.xcconfig"; path = "Pods/Target Support Files/Pods-vent/Pods-vent.debug.xcconfig"; sourceTree = "<group>"; };
		FB4054ADF5096BF2E95D4A72 /* Pods-vent.release.xcconfig */ = {isa = PBXFileReference; includeInIndex = 1; lastKnownFileType = text.xcconfig; name = "Pods-vent.release.xcconfig"; path = "Pods/Target Support Files/Pods-vent/Pods-vent.release.xcconfig"; sourceTree = "<group>"; };
/* End PBXFileReference section */

/* Begin PBXFrameworksBuildPhase section */
		91941763214E483A0017C661 /* Frameworks */ = {
			isa = PBXFrameworksBuildPhase;
			buildActionMask = 2147483647;
			files = (
				5DBA01A6CB100B6BDFFE7C73 /* Pods_vent.framework in Frameworks */,
			);
			runOnlyForDeploymentPostprocessing = 0;
		};
/* End PBXFrameworksBuildPhase section */

/* Begin PBXGroup section */
		7E3B5BE503ECAC165D51DD0D /* Pods */ = {
			isa = PBXGroup;
			children = (
				93F1568B0B0F3EB67AD625B4 /* Pods-vent.debug.xcconfig */,
				FB4054ADF5096BF2E95D4A72 /* Pods-vent.release.xcconfig */,
			);
			name = Pods;
			sourceTree = "<group>";
		};
		85952734D36CD56BD9E20817 /* Frameworks */ = {
			isa = PBXGroup;
			children = (
				0F8481EC87156268C15B338D /* Pods_vent.framework */,
			);
			name = Frameworks;
			sourceTree = "<group>";
		};
		9194175D214E483A0017C661 = {
			isa = PBXGroup;
			children = (
				91941768214E483A0017C661 /* vent */,
				91941767214E483A0017C661 /* Products */,
				7E3B5BE503ECAC165D51DD0D /* Pods */,
				85952734D36CD56BD9E20817 /* Frameworks */,
			);
			sourceTree = "<group>";
		};
		91941767214E483A0017C661 /* Products */ = {
			isa = PBXGroup;
			children = (
				91941766214E483A0017C661 /* vent.app */,
			);
			name = Products;
			sourceTree = "<group>";
		};
		91941768214E483A0017C661 /* vent */ = {
			isa = PBXGroup;
			children = (
				91941769214E483A0017C661 /* AppDelegate.swift */,
				9194176B214E483A0017C661 /* ViewController.swift */,
				9194176D214E483A0017C661 /* Main.storyboard */,
				91941773214E483B0017C661 /* Assets.xcassets */,
				91941775214E483B0017C661 /* LaunchScreen.storyboard */,
				91941778214E483B0017C661 /* Info.plist */,
				9194177E214E4B570017C661 /* GoogleService-Info.plist */,
				91941770214E483A0017C661 /* vent.xcdatamodeld */,
				91C23BD2214E74BF00282A36 /* NewVentViewController.swift */,
				913993CC2150F02400ED5F8F /* FirestoreOperations.swift */,
				913993CE2151453E00ED5F8F /* Message.swift */,
				913993D021546E5800ED5F8F /* UpdateViewController.swift */,
			);
			path = vent;
			sourceTree = "<group>";
		};
/* End PBXGroup section */

/* Begin PBXNativeTarget section */
		91941765214E483A0017C661 /* vent */ = {
			isa = PBXNativeTarget;
			buildConfigurationList = 9194177B214E483B0017C661 /* Build configuration list for PBXNativeTarget "vent" */;
			buildPhases = (
				88E1273A43E68726FCC8A6BD /* [CP] Check Pods Manifest.lock */,
				91941762214E483A0017C661 /* Sources */,
				91941763214E483A0017C661 /* Frameworks */,
				91941764214E483A0017C661 /* Resources */,
				C36B3CA913AC7120B2343EC1 /* [CP] Embed Pods Frameworks */,
			);
			buildRules = (
			);
			dependencies = (
			);
			name = vent;
			productName = vent;
			productReference = 91941766214E483A0017C661 /* vent.app */;
			productType = "com.apple.product-type.application";
		};
/* End PBXNativeTarget section */

/* Begin PBXProject section */
		9194175E214E483A0017C661 /* Project object */ = {
			isa = PBXProject;
			attributes = {
				LastSwiftUpdateCheck = 0940;
				LastUpgradeCheck = 0940;
				ORGANIZATIONNAME = "Zachary Kanzhe Liu";
				TargetAttributes = {
					91941765214E483A0017C661 = {
						CreatedOnToolsVersion = 9.4.1;
					};
				};
			};
			buildConfigurationList = 91941761214E483A0017C661 /* Build configuration list for PBXProject "vent" */;
			compatibilityVersion = "Xcode 9.3";
			developmentRegion = en;
			hasScannedForEncodings = 0;
			knownRegions = (
				en,
				Base,
			);
			mainGroup = 9194175D214E483A0017C661;
			productRefGroup = 91941767214E483A0017C661 /* Products */;
			projectDirPath = "";
			projectRoot = "";
			targets = (
				91941765214E483A0017C661 /* vent */,
			);
		};
/* End PBXProject section */

/* Begin PBXResourcesBuildPhase section */
		91941764214E483A0017C661 /* Resources */ = {
			isa = PBXResourcesBuildPhase;
			buildActionMask = 2147483647;
			files = (
				91941777214E483B0017C661 /* LaunchScreen.storyboard in Resources */,
				9194177F214E4B570017C661 /* GoogleService-Info.plist in Resources */,
				91941774214E483B0017C661 /* Assets.xcassets in Resources */,
				9194176F214E483A0017C661 /* Main.storyboard in Resources */,
			);
			runOnlyForDeploymentPostprocessing = 0;
		};
/* End PBXResourcesBuildPhase section */

/* Begin PBXShellScriptBuildPhase section */
		88E1273A43E68726FCC8A6BD /* [CP] Check Pods Manifest.lock */ = {
			isa = PBXShellScriptBuildPhase;
			buildActionMask = 2147483647;
			files = (
			);
			inputPaths = (
				"${PODS_PODFILE_DIR_PATH}/Podfile.lock",
				"${PODS_ROOT}/Manifest.lock",
			);
			name = "[CP] Check Pods Manifest.lock";
			outputPaths = (
				"$(DERIVED_FILE_DIR)/Pods-vent-checkManifestLockResult.txt",
			);
			runOnlyForDeploymentPostprocessing = 0;
			shellPath = /bin/sh;
			shellScript = "diff \"${PODS_PODFILE_DIR_PATH}/Podfile.lock\" \"${PODS_ROOT}/Manifest.lock\" > /dev/null\nif [ $? != 0 ] ; then\n    # print error to STDERR\n    echo \"error: The sandbox is not in sync with the Podfile.lock. Run 'pod install' or update your CocoaPods installation.\" >&2\n    exit 1\nfi\n# This output is used by Xcode 'outputs' to avoid re-running this script phase.\necho \"SUCCESS\" > \"${SCRIPT_OUTPUT_FILE_0}\"\n";
			showEnvVarsInLog = 0;
		};
		C36B3CA913AC7120B2343EC1 /* [CP] Embed Pods Frameworks */ = {
			isa = PBXShellScriptBuildPhase;
			buildActionMask = 2147483647;
			files = (
			);
			inputPaths = (
				"${SRCROOT}/Pods/Target Support Files/Pods-vent/Pods-vent-frameworks.sh",
				"${BUILT_PRODUCTS_DIR}/BoringSSL/openssl.framework",
				"${BUILT_PRODUCTS_DIR}/GoogleUtilities/GoogleUtilities.framework",
				"${BUILT_PRODUCTS_DIR}/Protobuf/Protobuf.framework",
				"${BUILT_PRODUCTS_DIR}/gRPC/GRPCClient.framework",
				"${BUILT_PRODUCTS_DIR}/gRPC-C++/grpcpp.framework",
				"${BUILT_PRODUCTS_DIR}/gRPC-Core/grpc.framework",
				"${BUILT_PRODUCTS_DIR}/gRPC-ProtoRPC/ProtoRPC.framework",
				"${BUILT_PRODUCTS_DIR}/gRPC-RxLibrary/RxLibrary.framework",
				"${BUILT_PRODUCTS_DIR}/leveldb-library/leveldb.framework",
				"${BUILT_PRODUCTS_DIR}/nanopb/nanopb.framework",
			);
			name = "[CP] Embed Pods Frameworks";
			outputPaths = (
				"${TARGET_BUILD_DIR}/${FRAMEWORKS_FOLDER_PATH}/openssl.framework",
				"${TARGET_BUILD_DIR}/${FRAMEWORKS_FOLDER_PATH}/GoogleUtilities.framework",
				"${TARGET_BUILD_DIR}/${FRAMEWORKS_FOLDER_PATH}/Protobuf.framework",
				"${TARGET_BUILD_DIR}/${FRAMEWORKS_FOLDER_PATH}/GRPCClient.framework",
				"${TARGET_BUILD_DIR}/${FRAMEWORKS_FOLDER_PATH}/grpcpp.framework",
				"${TARGET_BUILD_DIR}/${FRAMEWORKS_FOLDER_PATH}/grpc.framework",
				"${TARGET_BUILD_DIR}/${FRAMEWORKS_FOLDER_PATH}/ProtoRPC.framework",
				"${TARGET_BUILD_DIR}/${FRAMEWORKS_FOLDER_PATH}/RxLibrary.framework",
				"${TARGET_BUILD_DIR}/${FRAMEWORKS_FOLDER_PATH}/leveldb.framework",
				"${TARGET_BUILD_DIR}/${FRAMEWORKS_FOLDER_PATH}/nanopb.framework",
			);
			runOnlyForDeploymentPostprocessing = 0;
			shellPath = /bin/sh;
			shellScript = "\"${SRCROOT}/Pods/Target Support Files/Pods-vent/Pods-vent-frameworks.sh\"\n";
			showEnvVarsInLog = 0;
		};
/* End PBXShellScriptBuildPhase section */

/* Begin PBXSourcesBuildPhase section */
		91941762214E483A0017C661 /* Sources */ = {
			isa = PBXSourcesBuildPhase;
			buildActionMask = 2147483647;
			files = (
				91C23BD3214E74BF00282A36 /* NewVentViewController.swift in Sources */,
				913993CD2150F02400ED5F8F /* FirestoreOperations.swift in Sources */,
				9194176C214E483A0017C661 /* ViewController.swift in Sources */,
				913993CF2151453E00ED5F8F /* Message.swift in Sources */,
				91941772214E483A0017C661 /* vent.xcdatamodeld in Sources */,
				913993D121546E5800ED5F8F /* UpdateViewController.swift in Sources */,
				9194176A214E483A0017C661 /* AppDelegate.swift in Sources */,
			);
			runOnlyForDeploymentPostprocessing = 0;
		};
/* End PBXSourcesBuildPhase section */

/* Begin PBXVariantGroup section */
		9194176D214E483A0017C661 /* Main.storyboard */ = {
			isa = PBXVariantGroup;
			children = (
				9194176E214E483A0017C661 /* Base */,
			);
			name = Main.storyboard;
			sourceTree = "<group>";
		};
		91941775214E483B0017C661 /* LaunchScreen.storyboard */ = {
			isa = PBXVariantGroup;
			children = (
				91941776214E483B0017C661 /* Base */,
			);
			name = LaunchScreen.storyboard;
			sourceTree = "<group>";
		};
/* End PBXVariantGroup section */

/* Begin XCBuildConfiguration section */
		91941779214E483B0017C661 /* Debug */ = {
			isa = XCBuildConfiguration;
			buildSettings = {
				ALWAYS_SEARCH_USER_PATHS = NO;
				CLANG_ANALYZER_NONNULL = YES;
				CLANG_ANALYZER_NUMBER_OBJECT_CONVERSION = YES_AGGRESSIVE;
				CLANG_CXX_LANGUAGE_STANDARD = "gnu++14";
				CLANG_CXX_LIBRARY = "libc++";
				CLANG_ENABLE_MODULES = YES;
				CLANG_ENABLE_OBJC_ARC = YES;
				CLANG_ENABLE_OBJC_WEAK = YES;
				CLANG_WARN_BLOCK_CAPTURE_AUTORELEASING = YES;
				CLANG_WARN_BOOL_CONVERSION = YES;
				CLANG_WARN_COMMA = YES;
				CLANG_WARN_CONSTANT_CONVERSION = YES;
				CLANG_WARN_DEPRECATED_OBJC_IMPLEMENTATIONS = YES;
				CLANG_WARN_DIRECT_OBJC_ISA_USAGE = YES_ERROR;
				CLANG_WARN_DOCUMENTATION_COMMENTS = YES;
				CLANG_WARN_EMPTY_BODY = YES;
				CLANG_WARN_ENUM_CONVERSION = YES;
				CLANG_WARN_INFINITE_RECURSION = YES;
				CLANG_WARN_INT_CONVERSION = YES;
				CLANG_WARN_NON_LITERAL_NULL_CONVERSION = YES;
				CLANG_WARN_OBJC_IMPLICIT_RETAIN_SELF = YES;
				CLANG_WARN_OBJC_LITERAL_CONVERSION = YES;
				CLANG_WARN_OBJC_ROOT_CLASS = YES_ERROR;
				CLANG_WARN_RANGE_LOOP_ANALYSIS = YES;
				CLANG_WARN_STRICT_PROTOTYPES = YES;
				CLANG_WARN_SUSPICIOUS_MOVE = YES;
				CLANG_WARN_UNGUARDED_AVAILABILITY = YES_AGGRESSIVE;
				CLANG_WARN_UNREACHABLE_CODE = YES;
				CLANG_WARN__DUPLICATE_METHOD_MATCH = YES;
				CODE_SIGN_IDENTITY = "iPhone Developer";
				COPY_PHASE_STRIP = NO;
				DEBUG_INFORMATION_FORMAT = dwarf;
				ENABLE_STRICT_OBJC_MSGSEND = YES;
				ENABLE_TESTABILITY = YES;
				GCC_C_LANGUAGE_STANDARD = gnu11;
				GCC_DYNAMIC_NO_PIC = NO;
				GCC_NO_COMMON_BLOCKS = YES;
				GCC_OPTIMIZATION_LEVEL = 0;
				GCC_PREPROCESSOR_DEFINITIONS = (
					"DEBUG=1",
					"$(inherited)",
				);
				GCC_WARN_64_TO_32_BIT_CONVERSION = YES;
				GCC_WARN_ABOUT_RETURN_TYPE = YES_ERROR;
				GCC_WARN_UNDECLARED_SELECTOR = YES;
				GCC_WARN_UNINITIALIZED_AUTOS = YES_AGGRESSIVE;
				GCC_WARN_UNUSED_FUNCTION = YES;
				GCC_WARN_UNUSED_VARIABLE = YES;
				IPHONEOS_DEPLOYMENT_TARGET = 11.4;
				MTL_ENABLE_DEBUG_INFO = YES;
				ONLY_ACTIVE_ARCH = YES;
				SDKROOT = iphoneos;
				SWIFT_ACTIVE_COMPILATION_CONDITIONS = DEBUG;
				SWIFT_OPTIMIZATION_LEVEL = "-Onone";
			};
			name = Debug;
		};
		9194177A214E483B0017C661 /* Release */ = {
			isa = XCBuildConfiguration;
			buildSettings = {
				ALWAYS_SEARCH_USER_PATHS = NO;
				CLANG_ANALYZER_NONNULL = YES;
				CLANG_ANALYZER_NUMBER_OBJECT_CONVERSION = YES_AGGRESSIVE;
				CLANG_CXX_LANGUAGE_STANDARD = "gnu++14";
				CLANG_CXX_LIBRARY = "libc++";
				CLANG_ENABLE_MODULES = YES;
				CLANG_ENABLE_OBJC_ARC = YES;
				CLANG_ENABLE_OBJC_WEAK = YES;
				CLANG_WARN_BLOCK_CAPTURE_AUTORELEASING = YES;
				CLANG_WARN_BOOL_CONVERSION = YES;
				CLANG_WARN_COMMA = YES;
				CLANG_WARN_CONSTANT_CONVERSION = YES;
				CLANG_WARN_DEPRECATED_OBJC_IMPLEMENTATIONS = YES;
				CLANG_WARN_DIRECT_OBJC_ISA_USAGE = YES_ERROR;
				CLANG_WARN_DOCUMENTATION_COMMENTS = YES;
				CLANG_WARN_EMPTY_BODY = YES;
				CLANG_WARN_ENUM_CONVERSION = YES;
				CLANG_WARN_INFINITE_RECURSION = YES;
				CLANG_WARN_INT_CONVERSION = YES;
				CLANG_WARN_NON_LITERAL_NULL_CONVERSION = YES;
				CLANG_WARN_OBJC_IMPLICIT_RETAIN_SELF = YES;
				CLANG_WARN_OBJC_LITERAL_CONVERSION = YES;
				CLANG_WARN_OBJC_ROOT_CLASS = YES_ERROR;
				CLANG_WARN_RANGE_LOOP_ANALYSIS = YES;
				CLANG_WARN_STRICT_PROTOTYPES = YES;
				CLANG_WARN_SUSPICIOUS_MOVE = YES;
				CLANG_WARN_UNGUARDED_AVAILABILITY = YES_AGGRESSIVE;
				CLANG_WARN_UNREACHABLE_CODE = YES;
				CLANG_WARN__DUPLICATE_METHOD_MATCH = YES;
				CODE_SIGN_IDENTITY = "iPhone Developer";
				COPY_PHASE_STRIP = NO;
				DEBUG_INFORMATION_FORMAT = "dwarf-with-dsym";
				ENABLE_NS_ASSERTIONS = NO;
				ENABLE_STRICT_OBJC_MSGSEND = YES;
				GCC_C_LANGUAGE_STANDARD = gnu11;
				GCC_NO_COMMON_BLOCKS = YES;
				GCC_WARN_64_TO_32_BIT_CONVERSION = YES;
				GCC_WARN_ABOUT_RETURN_TYPE = YES_ERROR;
				GCC_WARN_UNDECLARED_SELECTOR = YES;
				GCC_WARN_UNINITIALIZED_AUTOS = YES_AGGRESSIVE;
				GCC_WARN_UNUSED_FUNCTION = YES;
				GCC_WARN_UNUSED_VARIABLE = YES;
				IPHONEOS_DEPLOYMENT_TARGET = 11.4;
				MTL_ENABLE_DEBUG_INFO = NO;
				SDKROOT = iphoneos;
				SWIFT_COMPILATION_MODE = wholemodule;
				SWIFT_OPTIMIZATION_LEVEL = "-O";
				VALIDATE_PRODUCT = YES;
			};
			name = Release;
		};
		9194177C214E483B0017C661 /* Debug */ = {
			isa = XCBuildConfiguration;
			baseConfigurationReference = 93F1568B0B0F3EB67AD625B4 /* Pods-vent.debug.xcconfig */;
			buildSettings = {
				ASSETCATALOG_COMPILER_APPICON_NAME = AppIcon;
				CODE_SIGN_STYLE = Automatic;
				DEVELOPMENT_TEAM = P5AHV65CFS;
				INFOPLIST_FILE = vent/Info.plist;
				LD_RUNPATH_SEARCH_PATHS = (
					"$(inherited)",
					"@executable_path/Frameworks",
				);
				PRODUCT_BUNDLE_IDENTIFIER = com.rapidPrototyping.vent;
				PRODUCT_NAME = "$(TARGET_NAME)";
				SWIFT_VERSION = 4.0;
				TARGETED_DEVICE_FAMILY = "1,2";
			};
			name = Debug;
		};
		9194177D214E483B0017C661 /* Release */ = {
			isa = XCBuildConfiguration;
			baseConfigurationReference = FB4054ADF5096BF2E95D4A72 /* Pods-vent.release.xcconfig */;
			buildSettings = {
				ASSETCATALOG_COMPILER_APPICON_NAME = AppIcon;
				CODE_SIGN_STYLE = Automatic;
				DEVELOPMENT_TEAM = P5AHV65CFS;
				INFOPLIST_FILE = vent/Info.plist;
				LD_RUNPATH_SEARCH_PATHS = (
					"$(inherited)",
					"@executable_path/Frameworks",
				);
				PRODUCT_BUNDLE_IDENTIFIER = com.rapidPrototyping.vent;
				PRODUCT_NAME = "$(TARGET_NAME)";
				SWIFT_VERSION = 4.0;
				TARGETED_DEVICE_FAMILY = "1,2";
			};
			name = Release;
		};
/* End XCBuildConfiguration section */

/* Begin XCConfigurationList section */
		91941761214E483A0017C661 /* Build configuration list for PBXProject "vent" */ = {
			isa = XCConfigurationList;
			buildConfigurations = (
				91941779214E483B0017C661 /* Debug */,
				9194177A214E483B0017C661 /* Release */,
			);
			defaultConfigurationIsVisible = 0;
			defaultConfigurationName = Release;
		};
		9194177B214E483B0017C661 /* Build configuration list for PBXNativeTarget "vent" */ = {
			isa = XCConfigurationList;
			buildConfigurations = (
				9194177C214E483B0017C661 /* Debug */,
				9194177D214E483B0017C661 /* Release */,
			);
			defaultConfigurationIsVisible = 0;
			defaultConfigurationName = Release;
		};
/* End XCConfigurationList section */

/* Begin XCVersionGroup section */
		91941770214E483A0017C661 /* vent.xcdatamodeld */ = {
			isa = XCVersionGroup;
			children = (
				91941771214E483A0017C661 /* vent.xcdatamodel */,
			);
			currentVersion = 91941771214E483A0017C661 /* vent.xcdatamodel */;
			path = vent.xcdatamodeld;
			sourceTree = "<group>";
			versionGroupType = wrapper.xcdatamodel;
		};
/* End XCVersionGroup section */
	};
	rootObject = 9194175E214E483A0017C661 /* Project object */;
}
